# THIS IS AN AUTOGENERATED FILE. DO NOT EDIT THIS FILE DIRECTLY.
# yarn lockfile v1


"@playwright/test@^1.32.3":
  "integrity" "sha512-BvWNvK0RfBriindxhLVabi8BRe3X0J9EVjKlcmhxjg4giWBD/xleLcg2dz7Tx0agu28rczjNIPQWznwzDwVsZQ=="
  "resolved" "https://registry.npmjs.org/@playwright/test/-/test-1.32.3.tgz"
  "version" "1.32.3"
  dependencies:
    "@types/node" "*"
    "playwright-core" "1.32.3"
  optionalDependencies:
    "fsevents" "2.3.2"

"@types/lodash.merge@^4.6.7":
  "integrity" "sha512-OwxUJ9E50gw3LnAefSHJPHaBLGEKmQBQ7CZe/xflHkyy/wH2zVyEIAKReHvVrrn7zKdF58p16We9kMfh7v0RRQ=="
  "resolved" "https://registry.npmjs.org/@types/lodash.merge/-/lodash.merge-4.6.7.tgz"
  "version" "4.6.7"
  dependencies:
    "@types/lodash" "*"

"@types/lodash@*":
  "integrity" "sha512-r22s9tAS7imvBt2lyHC9B8AGwWnXaYb1tY09oyLkXDs4vArpYJzw09nj8MLx5VfciBPGIb+ZwG0ssYnEPJxn/g=="
  "resolved" "https://registry.npmjs.org/@types/lodash/-/lodash-4.14.194.tgz"
  "version" "4.14.194"

"@types/node@*":
  "integrity" "sha512-E5Kwq2n4SbMzQOn6wnmBjuK9ouqlURrcZDVfbo9ftDDTFt3nk7ZKK4GMOzoYgnpQJKcxwQw+lGaBvvlMo0qN/Q=="
  "resolved" "https://registry.npmjs.org/@types/node/-/node-18.15.11.tgz"
  "version" "18.15.11"

"argparse@^2.0.1":
  "integrity" "sha512-8+9WqebbFzpX9OR+Wa6O29asIogeRMzcGtAINdpMHHyAg10f05aSFVBbcEqGf/PXw1EjAZ+q2/bEBg3DvurK3Q=="
  "resolved" "https://registry.npmjs.org/argparse/-/argparse-2.0.1.tgz"
  "version" "2.0.1"

"js-yaml@^4.1.0":
  "integrity" "sha512-wpxZs9NoxZaJESJGIZTyDEaYpl0FKSA+FB9aJiyemKhMwkxQg63h4T1KJgUGHpTqPDNRcmmYLugrRjJlBtWvRA=="
  "resolved" "https://registry.npmjs.org/js-yaml/-/js-yaml-4.1.0.tgz"
  "version" "4.1.0"
  dependencies:
    "argparse" "^2.0.1"

"lodash.merge@^4.6.2":
  "integrity" "sha512-0KpjqXRVvrYyCsX1swR/XTK0va6VQkQM6MNo7PqW77ByjAhoARA8EfrP1N4+KlKj8YS0ZUCtRT/YUuhyYDujIQ=="
  "resolved" "https://registry.npmjs.org/lodash.merge/-/lodash.merge-4.6.2.tgz"
  "version" "4.6.2"

"playwright-core@1.32.3":
  "integrity" "sha512-SB+cdrnu74ZIn5Ogh/8278ngEh9NEEV0vR4sJFmK04h2iZpybfbqBY0bX6+BLYWVdV12JLLI+JEFtSnYgR+mWg=="
  "resolved" "https://registry.npmjs.org/playwright-core/-/playwright-core-1.32.3.tgz"
  "version" "1.32.3"
