# THIS IS AN AUTOGENERATED FILE. DO NOT EDIT THIS FILE DIRECTLY.
# yarn lockfile v1


"@playwright/test@^1.39.0":
  version "1.39.0"
  resolved "https://registry.yarnpkg.com/@playwright/test/-/test-1.39.0.tgz#d10ba8e38e44104499e25001945f07faa9fa91cd"
  integrity sha512-3u1iFqgzl7zr004bGPYiN/5EZpRUSFddQBra8Rqll5N0/vfpqlP9I9EXqAoGacuAbX6c9Ulg/Cjqglp5VkK6UQ==
  dependencies:
    playwright "1.39.0"

"@types/js-yaml@^4.0.5":
  version "4.0.5"
  resolved "https://registry.npmjs.org/@types/js-yaml/-/js-yaml-4.0.5.tgz"
  integrity sha512-FhpRzf927MNQdRZP0J5DLIdTXhjLYzeUTmLAu69mnVksLH9CJY3IuSeEgbKUki7GQZm0WqDkGzyxju2EZGD2wA==

"@types/lodash@^4.14.201":
  version "4.14.201"
  resolved "https://registry.yarnpkg.com/@types/lodash/-/lodash-4.14.201.tgz#76f47cb63124e806824b6c18463daf3e1d480239"
  integrity sha512-y9euML0cim1JrykNxADLfaG0FgD1g/yTHwUs/Jg9ZIU7WKj2/4IW9Lbb1WZbvck78W/lfGXFfe+u2EGfIJXdLQ==

argparse@^2.0.1:
  version "2.0.1"
  resolved "https://registry.npmjs.org/argparse/-/argparse-2.0.1.tgz"
  integrity sha512-8+9WqebbFzpX9OR+Wa6O29asIogeRMzcGtAINdpMHHyAg10f05aSFVBbcEqGf/PXw1EjAZ+q2/bEBg3DvurK3Q==

fsevents@2.3.2:
  version "2.3.2"
  resolved "https://registry.yarnpkg.com/fsevents/-/fsevents-2.3.2.tgz#8a526f78b8fdf4623b709e0b975c52c24c02fd1a"
  integrity sha512-xiqMQR4xAeHTuB9uWm+fFRcIOgKBMiOBP+eXiyT7jsgVCq1bkVygt00oASowB7EdtpOHaaPgKt812P9ab+DDKA==

js-yaml@^4.1.0:
  version "4.1.0"
  resolved "https://registry.npmjs.org/js-yaml/-/js-yaml-4.1.0.tgz"
  integrity sha512-wpxZs9NoxZaJESJGIZTyDEaYpl0FKSA+FB9aJiyemKhMwkxQg63h4T1KJgUGHpTqPDNRcmmYLugrRjJlBtWvRA==
  dependencies:
    argparse "^2.0.1"

lodash@^4.17.21:
  version "4.17.21"
  resolved "https://registry.yarnpkg.com/lodash/-/lodash-4.17.21.tgz#679591c564c3bffaae8454cf0b3df370c3d6911c"
  integrity sha512-v2kDEe57lecTulaDIuNTPy3Ry4gLGJ6Z1O3vE1krgXZNrsQ+LFTGHVxVjcXPs17LhbZVGedAJv8XZ1tvj5FvSg==

playwright-core@1.39.0:
  version "1.39.0"
  resolved "https://registry.yarnpkg.com/playwright-core/-/playwright-core-1.39.0.tgz#efeaea754af4fb170d11845b8da30b2323287c63"
  integrity sha512-+k4pdZgs1qiM+OUkSjx96YiKsXsmb59evFoqv8SKO067qBA+Z2s/dCzJij/ZhdQcs2zlTAgRKfeiiLm8PQ2qvw==

playwright@1.39.0:
  version "1.39.0"
  resolved "https://registry.yarnpkg.com/playwright/-/playwright-1.39.0.tgz#184c81cd6478f8da28bcd9e60e94fcebf566e077"
  integrity sha512-naE5QT11uC/Oiq0BwZ50gDmy8c8WLPRTEWuSSFVG2egBka/1qMoSqYQcROMT9zLwJ86oPofcTH2jBY/5wWOgIw==
  dependencies:
    playwright-core "1.39.0"
  optionalDependencies:
    fsevents "2.3.2"
